
Microsoft Visual Studio Solution File, Format Version 12.00
# Visual Studio 15
VisualStudioVersion = 15.0.28010.2046
MinimumVisualStudioVersion = 10.0.40219.1
Project("{FAE04EC0-301F-11D3-BF4B-00C04F79EFBC}") = "Demo", "Demo\Demo.csproj", "{DC2E67DE-E8DB-44B8-8A62-2DDD3C5B8C47}"
EndProject
Global
	GlobalSection(SolutionConfigurationPlatforms) = preSolution
		Debug|Any CPU = Debug|Any CPU
		Release|Any CPU = Release|Any CPU
	EndGlobalSection
	GlobalSection(ProjectConfigurationPlatforms) = postSolution
		{DC2E67DE-E8DB-44B8-8A62-2DDD3C5B8C47}.Debug|Any CPU.ActiveCfg = Debug|Any CPU
		{DC2E67DE-E8DB-44B8-8A62-2DDD3C5B8C47}.Debug|Any CPU.Build.0 = Debug|Any CPU
		{DC2E67DE-E8DB-44B8-8A62-2DDD3C5B8C47}.Release|Any CPU.ActiveCfg = Release|Any CPU
		{DC2E67DE-E8DB-44B8-8A62-2DDD3C5B8C47}.Release|Any CPU.Build.0 = Release|Any CPU
	EndGlobalSection
	GlobalSection(SolutionProperties) = preSolution
		HideSolutionNode = FALSE
	EndGlobalSection
	GlobalSection(ExtensibilityGlobals) = postSolution
		SolutionGuid = {1CC17370-9BBC-4B79-8013-131AF6FF8D24}
	EndGlobalSection
EndGlobal
